{
  "name": "train-timer",
  "version": "0.1.0",
  "lockfileVersion": 3,
  "requires": true,
  "packages": {
    "": {
      "name": "train-timer",
      "version": "0.1.0",
      "license": "GPL-3.0-or-later",
      "dependencies": {
        "three": "0.165.0"
      },
      "bin": {
        "train-timer": "src/cli.js"
      },
      "engines": {
        "node": ">=18"
      }
    },
    "node_modules/three": {
      "version": "0.165.0",
      "resolved": "https://registry.npmjs.org/three/-/three-0.165.0.tgz",
      "integrity": "sha512-cc96IlVYGydeceu0e5xq70H8/yoVT/tXBxV/W8A/U6uOq7DXc4/s1Mkmnu6SqoYGhSRWWYFOhVwvq6V0VtbplA==",
      "license": "MIT"
    }
  }
}
